// !$*UTF8*$!
{
	archiveVersion = 1;
	classes = {
	};
	objectVersion = 50;
	objects = {

/* Begin PBXBuildFile section */
		4D827408235F9DFE00AF74E5 /* AppDelegate.swift in Sources */ = {isa = PBXBuildFile; fileRef = 4D827407235F9DFE00AF74E5 /* AppDelegate.swift */; };
		4D827411235F9E0000AF74E5 /* Assets.xcassets in Resources */ = {isa = PBXBuildFile; fileRef = 4D827410235F9E0000AF74E5 /* Assets.xcassets */; };
		4D827414235F9E0000AF74E5 /* LaunchScreen.storyboard in Resources */ = {isa = PBXBuildFile; fileRef = 4D827412235F9E0000AF74E5 /* LaunchScreen.storyboard */; };
		4D82742A235F9E0000AF74E5 /* WeatherAppUITests.swift in Sources */ = {isa = PBXBuildFile; fileRef = 4D827429235F9E0000AF74E5 /* WeatherAppUITests.swift */; };
		4D82743B235FA1EB00AF74E5 /* AppCoordinator.swift in Sources */ = {isa = PBXBuildFile; fileRef = 4D82743A235FA1EB00AF74E5 /* AppCoordinator.swift */; };
		4D82743F235FA4BE00AF74E5 /* AppCoordinatorTests.swift in Sources */ = {isa = PBXBuildFile; fileRef = 4D82743E235FA4BE00AF74E5 /* AppCoordinatorTests.swift */; };
		4D827442235FA58C00AF74E5 /* FavouriteListViewController.swift in Sources */ = {isa = PBXBuildFile; fileRef = 4D827441235FA58C00AF74E5 /* FavouriteListViewController.swift */; };
		4D827444235FA5CE00AF74E5 /* FavouriteList.storyboard in Resources */ = {isa = PBXBuildFile; fileRef = 4D827443235FA5CE00AF74E5 /* FavouriteList.storyboard */; };
		4D827446235FB0EB00AF74E5 /* main.swift in Sources */ = {isa = PBXBuildFile; fileRef = 4D827445235FB0EB00AF74E5 /* main.swift */; };
		4D82744B235FB39A00AF74E5 /* APITests.swift in Sources */ = {isa = PBXBuildFile; fileRef = 4D82744A235FB39A00AF74E5 /* APITests.swift */; };
		4D82744F235FC5EC00AF74E5 /* NetworkService.swift in Sources */ = {isa = PBXBuildFile; fileRef = 4D82744E235FC5EC00AF74E5 /* NetworkService.swift */; };
		4D827451235FC61400AF74E5 /* Weather.swift in Sources */ = {isa = PBXBuildFile; fileRef = 4D827450235FC61400AF74E5 /* Weather.swift */; };
		4D827453235FC63600AF74E5 /* NetworkService+WeatherFetchable.swift in Sources */ = {isa = PBXBuildFile; fileRef = 4D827452235FC63600AF74E5 /* NetworkService+WeatherFetchable.swift */; };
		4DD55A8D236034660070F136 /* FavouriteListTests.swift in Sources */ = {isa = PBXBuildFile; fileRef = 4DD55A8C236034660070F136 /* FavouriteListTests.swift */; };
		4DD55A90236050650070F136 /* FavouriteListViewModel.swift in Sources */ = {isa = PBXBuildFile; fileRef = 4DD55A8F236050650070F136 /* FavouriteListViewModel.swift */; };
		4DD55A92236052D10070F136 /* Favourite.swift in Sources */ = {isa = PBXBuildFile; fileRef = 4DD55A91236052D10070F136 /* Favourite.swift */; };
/* End PBXBuildFile section */

/* Begin PBXContainerItemProxy section */
		4D82741B235F9E0000AF74E5 /* PBXContainerItemProxy */ = {
			isa = PBXContainerItemProxy;
			containerPortal = 4D8273FC235F9DFE00AF74E5 /* Project object */;
			proxyType = 1;
			remoteGlobalIDString = 4D827403235F9DFE00AF74E5;
			remoteInfo = WeatherApp;
		};
		4D827426235F9E0000AF74E5 /* PBXContainerItemProxy */ = {
			isa = PBXContainerItemProxy;
			containerPortal = 4D8273FC235F9DFE00AF74E5 /* Project object */;
			proxyType = 1;
			remoteGlobalIDString = 4D827403235F9DFE00AF74E5;
			remoteInfo = WeatherApp;
		};
/* End PBXContainerItemProxy section */

/* Begin PBXFileReference section */
		4D827404235F9DFE00AF74E5 /* WeatherApp.app */ = {isa = PBXFileReference; explicitFileType = wrapper.application; includeInIndex = 0; path = WeatherApp.app; sourceTree = BUILT_PRODUCTS_DIR; };
		4D827407235F9DFE00AF74E5 /* AppDelegate.swift */ = {isa = PBXFileReference; lastKnownFileType = sourcecode.swift; path = AppDelegate.swift; sourceTree = "<group>"; };
		4D827410235F9E0000AF74E5 /* Assets.xcassets */ = {isa = PBXFileReference; lastKnownFileType = folder.assetcatalog; path = Assets.xcassets; sourceTree = "<group>"; };
		4D827413235F9E0000AF74E5 /* Base */ = {isa = PBXFileReference; lastKnownFileType = file.storyboard; name = Base; path = Base.lproj/LaunchScreen.storyboard; sourceTree = "<group>"; };
		4D827415235F9E0000AF74E5 /* Info.plist */ = {isa = PBXFileReference; lastKnownFileType = text.plist.xml; path = Info.plist; sourceTree = "<group>"; };
		4D82741A235F9E0000AF74E5 /* WeatherAppTests.xctest */ = {isa = PBXFileReference; explicitFileType = wrapper.cfbundle; includeInIndex = 0; path = WeatherAppTests.xctest; sourceTree = BUILT_PRODUCTS_DIR; };
		4D827420235F9E0000AF74E5 /* Info.plist */ = {isa = PBXFileReference; lastKnownFileType = text.plist.xml; path = Info.plist; sourceTree = "<group>"; };
		4D827425235F9E0000AF74E5 /* WeatherAppUITests.xctest */ = {isa = PBXFileReference; explicitFileType = wrapper.cfbundle; includeInIndex = 0; path = WeatherAppUITests.xctest; sourceTree = BUILT_PRODUCTS_DIR; };
		4D827429235F9E0000AF74E5 /* WeatherAppUITests.swift */ = {isa = PBXFileReference; lastKnownFileType = sourcecode.swift; path = WeatherAppUITests.swift; sourceTree = "<group>"; };
		4D82742B235F9E0000AF74E5 /* Info.plist */ = {isa = PBXFileReference; lastKnownFileType = text.plist.xml; path = Info.plist; sourceTree = "<group>"; };
		4D82743A235FA1EB00AF74E5 /* AppCoordinator.swift */ = {isa = PBXFileReference; lastKnownFileType = sourcecode.swift; path = AppCoordinator.swift; sourceTree = "<group>"; };
		4D82743E235FA4BE00AF74E5 /* AppCoordinatorTests.swift */ = {isa = PBXFileReference; lastKnownFileType = sourcecode.swift; path = AppCoordinatorTests.swift; sourceTree = "<group>"; };
		4D827441235FA58C00AF74E5 /* FavouriteListViewController.swift */ = {isa = PBXFileReference; lastKnownFileType = sourcecode.swift; path = FavouriteListViewController.swift; sourceTree = "<group>"; };
		4D827443235FA5CE00AF74E5 /* FavouriteList.storyboard */ = {isa = PBXFileReference; lastKnownFileType = file.storyboard; path = FavouriteList.storyboard; sourceTree = "<group>"; };
		4D827445235FB0EB00AF74E5 /* main.swift */ = {isa = PBXFileReference; lastKnownFileType = sourcecode.swift; path = main.swift; sourceTree = "<group>"; };
		4D82744A235FB39A00AF74E5 /* APITests.swift */ = {isa = PBXFileReference; lastKnownFileType = sourcecode.swift; path = APITests.swift; sourceTree = "<group>"; };
		4D82744E235FC5EC00AF74E5 /* NetworkService.swift */ = {isa = PBXFileReference; lastKnownFileType = sourcecode.swift; path = NetworkService.swift; sourceTree = "<group>"; };
		4D827450235FC61400AF74E5 /* Weather.swift */ = {isa = PBXFileReference; lastKnownFileType = sourcecode.swift; path = Weather.swift; sourceTree = "<group>"; };
		4D827452235FC63600AF74E5 /* NetworkService+WeatherFetchable.swift */ = {isa = PBXFileReference; lastKnownFileType = sourcecode.swift; path = "NetworkService+WeatherFetchable.swift"; sourceTree = "<group>"; };
		4DD55A8C236034660070F136 /* FavouriteListTests.swift */ = {isa = PBXFileReference; lastKnownFileType = sourcecode.swift; path = FavouriteListTests.swift; sourceTree = "<group>"; };
		4DD55A8F236050650070F136 /* FavouriteListViewModel.swift */ = {isa = PBXFileReference; lastKnownFileType = sourcecode.swift; path = FavouriteListViewModel.swift; sourceTree = "<group>"; };
		4DD55A91236052D10070F136 /* Favourite.swift */ = {isa = PBXFileReference; lastKnownFileType = sourcecode.swift; path = Favourite.swift; sourceTree = "<group>"; };
/* End PBXFileReference section */

/* Begin PBXFrameworksBuildPhase section */
		4D827401235F9DFE00AF74E5 /* Frameworks */ = {
			isa = PBXFrameworksBuildPhase;
			buildActionMask = 2147483647;
			files = (
			);
			runOnlyForDeploymentPostprocessing = 0;
		};
		4D827417235F9E0000AF74E5 /* Frameworks */ = {
			isa = PBXFrameworksBuildPhase;
			buildActionMask = 2147483647;
			files = (
			);
			runOnlyForDeploymentPostprocessing = 0;
		};
		4D827422235F9E0000AF74E5 /* Frameworks */ = {
			isa = PBXFrameworksBuildPhase;
			buildActionMask = 2147483647;
			files = (
			);
			runOnlyForDeploymentPostprocessing = 0;
		};
/* End PBXFrameworksBuildPhase section */

/* Begin PBXGroup section */
		4D8273FB235F9DFE00AF74E5 = {
			isa = PBXGroup;
			children = (
				4D827406235F9DFE00AF74E5 /* WeatherApp */,
				4D82741D235F9E0000AF74E5 /* WeatherAppTests */,
				4D827428235F9E0000AF74E5 /* WeatherAppUITests */,
				4D827405235F9DFE00AF74E5 /* Products */,
			);
			sourceTree = "<group>";
		};
		4D827405235F9DFE00AF74E5 /* Products */ = {
			isa = PBXGroup;
			children = (
				4D827404235F9DFE00AF74E5 /* WeatherApp.app */,
				4D82741A235F9E0000AF74E5 /* WeatherAppTests.xctest */,
				4D827425235F9E0000AF74E5 /* WeatherAppUITests.xctest */,
			);
			name = Products;
			sourceTree = "<group>";
		};
		4D827406235F9DFE00AF74E5 /* WeatherApp */ = {
			isa = PBXGroup;
			children = (
				4D827438235FA1D200AF74E5 /* Module */,
				4D827407235F9DFE00AF74E5 /* AppDelegate.swift */,
				4D827410235F9E0000AF74E5 /* Assets.xcassets */,
				4D827412235F9E0000AF74E5 /* LaunchScreen.storyboard */,
				4D827415235F9E0000AF74E5 /* Info.plist */,
				4D827445235FB0EB00AF74E5 /* main.swift */,
			);
			path = WeatherApp;
			sourceTree = "<group>";
		};
		4D82741D235F9E0000AF74E5 /* WeatherAppTests */ = {
			isa = PBXGroup;
			children = (
				4D827447235FB36E00AF74E5 /* Module */,
				4D827420235F9E0000AF74E5 /* Info.plist */,
			);
			path = WeatherAppTests;
			sourceTree = "<group>";
		};
		4D827428235F9E0000AF74E5 /* WeatherAppUITests */ = {
			isa = PBXGroup;
			children = (
				4D827429235F9E0000AF74E5 /* WeatherAppUITests.swift */,
				4D82742B235F9E0000AF74E5 /* Info.plist */,
			);
			path = WeatherAppUITests;
			sourceTree = "<group>";
		};
		4D827438235FA1D200AF74E5 /* Module */ = {
			isa = PBXGroup;
			children = (
				4D82744D235FC5C900AF74E5 /* NetworkService */,
				4D827440235FA57C00AF74E5 /* FavouriteList */,
				4D827439235FA1E000AF74E5 /* App */,
			);
			path = Module;
			sourceTree = "<group>";
		};
		4D827439235FA1E000AF74E5 /* App */ = {
			isa = PBXGroup;
			children = (
				4D82743A235FA1EB00AF74E5 /* AppCoordinator.swift */,
			);
			path = App;
			sourceTree = "<group>";
		};
		4D827440235FA57C00AF74E5 /* FavouriteList */ = {
			isa = PBXGroup;
			children = (
				4D827441235FA58C00AF74E5 /* FavouriteListViewController.swift */,
				4D827443235FA5CE00AF74E5 /* FavouriteList.storyboard */,
				4DD55A8F236050650070F136 /* FavouriteListViewModel.swift */,
				4DD55A91236052D10070F136 /* Favourite.swift */,
			);
			path = FavouriteList;
			sourceTree = "<group>";
		};
		4D827447235FB36E00AF74E5 /* Module */ = {
			isa = PBXGroup;
			children = (
				4DD55A8E2360346B0070F136 /* FavouriteList */,
				4D827449235FB38000AF74E5 /* API */,
				4D827448235FB37800AF74E5 /* App */,
			);
			path = Module;
			sourceTree = "<group>";
		};
		4D827448235FB37800AF74E5 /* App */ = {
			isa = PBXGroup;
			children = (
				4D82743E235FA4BE00AF74E5 /* AppCoordinatorTests.swift */,
			);
			path = App;
			sourceTree = "<group>";
		};
		4D827449235FB38000AF74E5 /* API */ = {
			isa = PBXGroup;
			children = (
				4D82744C235FB3E900AF74E5 /* JsonData */,
				4D82744A235FB39A00AF74E5 /* APITests.swift */,
			);
			path = API;
			sourceTree = "<group>";
		};
		4D82744C235FB3E900AF74E5 /* JsonData */ = {
			isa = PBXGroup;
			children = (
			);
			path = JsonData;
			sourceTree = "<group>";
		};
		4D82744D235FC5C900AF74E5 /* NetworkService */ = {
			isa = PBXGroup;
			children = (
				4DD55A8B236033630070F136 /* ResponseModels */,
				4D82744E235FC5EC00AF74E5 /* NetworkService.swift */,
				4D827452235FC63600AF74E5 /* NetworkService+WeatherFetchable.swift */,
			);
			path = NetworkService;
			sourceTree = "<group>";
		};
		4DD55A8B236033630070F136 /* ResponseModels */ = {
			isa = PBXGroup;
			children = (
				4D827450235FC61400AF74E5 /* Weather.swift */,
			);
			path = ResponseModels;
			sourceTree = "<group>";
		};
		4DD55A8E2360346B0070F136 /* FavouriteList */ = {
			isa = PBXGroup;
			children = (
				4DD55A8C236034660070F136 /* FavouriteListTests.swift */,
			);
			path = FavouriteList;
			sourceTree = "<group>";
		};
/* End PBXGroup section */

/* Begin PBXNativeTarget section */
		4D827403235F9DFE00AF74E5 /* WeatherApp */ = {
			isa = PBXNativeTarget;
			buildConfigurationList = 4D82742E235F9E0000AF74E5 /* Build configuration list for PBXNativeTarget "WeatherApp" */;
			buildPhases = (
				4D827400235F9DFE00AF74E5 /* Sources */,
				4D827401235F9DFE00AF74E5 /* Frameworks */,
				4D827402235F9DFE00AF74E5 /* Resources */,
				4D827437235FA07900AF74E5 /* ShellScript */,
			);
			buildRules = (
			);
			dependencies = (
			);
			name = WeatherApp;
			productName = WeatherApp;
			productReference = 4D827404235F9DFE00AF74E5 /* WeatherApp.app */;
			productType = "com.apple.product-type.application";
		};
		4D827419235F9E0000AF74E5 /* WeatherAppTests */ = {
			isa = PBXNativeTarget;
			buildConfigurationList = 4D827431235F9E0000AF74E5 /* Build configuration list for PBXNativeTarget "WeatherAppTests" */;
			buildPhases = (
				4D827416235F9E0000AF74E5 /* Sources */,
				4D827417235F9E0000AF74E5 /* Frameworks */,
				4D827418235F9E0000AF74E5 /* Resources */,
			);
			buildRules = (
			);
			dependencies = (
				4D82741C235F9E0000AF74E5 /* PBXTargetDependency */,
			);
			name = WeatherAppTests;
			productName = WeatherAppTests;
			productReference = 4D82741A235F9E0000AF74E5 /* WeatherAppTests.xctest */;
			productType = "com.apple.product-type.bundle.unit-test";
		};
		4D827424235F9E0000AF74E5 /* WeatherAppUITests */ = {
			isa = PBXNativeTarget;
			buildConfigurationList = 4D827434235F9E0000AF74E5 /* Build configuration list for PBXNativeTarget "WeatherAppUITests" */;
			buildPhases = (
				4D827421235F9E0000AF74E5 /* Sources */,
				4D827422235F9E0000AF74E5 /* Frameworks */,
				4D827423235F9E0000AF74E5 /* Resources */,
			);
			buildRules = (
			);
			dependencies = (
				4D827427235F9E0000AF74E5 /* PBXTargetDependency */,
			);
			name = WeatherAppUITests;
			productName = WeatherAppUITests;
			productReference = 4D827425235F9E0000AF74E5 /* WeatherAppUITests.xctest */;
			productType = "com.apple.product-type.bundle.ui-testing";
		};
/* End PBXNativeTarget section */

/* Begin PBXProject section */
		4D8273FC235F9DFE00AF74E5 /* Project object */ = {
			isa = PBXProject;
			attributes = {
				LastSwiftUpdateCheck = 1110;
				LastUpgradeCheck = 1110;
				ORGANIZATIONNAME = "AddHop Ltd";
				TargetAttributes = {
					4D827403235F9DFE00AF74E5 = {
						CreatedOnToolsVersion = 11.1;
					};
					4D827419235F9E0000AF74E5 = {
						CreatedOnToolsVersion = 11.1;
						TestTargetID = 4D827403235F9DFE00AF74E5;
					};
					4D827424235F9E0000AF74E5 = {
						CreatedOnToolsVersion = 11.1;
						TestTargetID = 4D827403235F9DFE00AF74E5;
					};
				};
			};
			buildConfigurationList = 4D8273FF235F9DFE00AF74E5 /* Build configuration list for PBXProject "WeatherApp" */;
			compatibilityVersion = "Xcode 9.3";
			developmentRegion = en;
			hasScannedForEncodings = 0;
			knownRegions = (
				en,
				Base,
			);
			mainGroup = 4D8273FB235F9DFE00AF74E5;
			productRefGroup = 4D827405235F9DFE00AF74E5 /* Products */;
			projectDirPath = "";
			projectRoot = "";
			targets = (
				4D827403235F9DFE00AF74E5 /* WeatherApp */,
				4D827419235F9E0000AF74E5 /* WeatherAppTests */,
				4D827424235F9E0000AF74E5 /* WeatherAppUITests */,
			);
		};
/* End PBXProject section */

/* Begin PBXResourcesBuildPhase section */
		4D827402235F9DFE00AF74E5 /* Resources */ = {
			isa = PBXResourcesBuildPhase;
			buildActionMask = 2147483647;
			files = (
				4D827444235FA5CE00AF74E5 /* FavouriteList.storyboard in Resources */,
				4D827414235F9E0000AF74E5 /* LaunchScreen.storyboard in Resources */,
				4D827411235F9E0000AF74E5 /* Assets.xcassets in Resources */,
			);
			runOnlyForDeploymentPostprocessing = 0;
		};
		4D827418235F9E0000AF74E5 /* Resources */ = {
			isa = PBXResourcesBuildPhase;
			buildActionMask = 2147483647;
			files = (
			);
			runOnlyForDeploymentPostprocessing = 0;
		};
		4D827423235F9E0000AF74E5 /* Resources */ = {
			isa = PBXResourcesBuildPhase;
			buildActionMask = 2147483647;
			files = (
			);
			runOnlyForDeploymentPostprocessing = 0;
		};
/* End PBXResourcesBuildPhase section */

/* Begin PBXShellScriptBuildPhase section */
		4D827437235FA07900AF74E5 /* ShellScript */ = {
			isa = PBXShellScriptBuildPhase;
			buildActionMask = 2147483647;
			files = (
			);
			inputFileListPaths = (
			);
			inputPaths = (
			);
			outputFileListPaths = (
			);
			outputPaths = (
			);
			runOnlyForDeploymentPostprocessing = 0;
			shellPath = /bin/sh;
			shellScript = "if which swiftlint >/dev/null; then\n  swiftlint\nelse\n  echo \"warning: SwiftLint not installed, download from https://github.com/realm/SwiftLint\"\nfi\n";
		};
/* End PBXShellScriptBuildPhase section */

/* Begin PBXSourcesBuildPhase section */
		4D827400235F9DFE00AF74E5 /* Sources */ = {
			isa = PBXSourcesBuildPhase;
			buildActionMask = 2147483647;
			files = (
				4DD55A92236052D10070F136 /* Favourite.swift in Sources */,
				4D82744F235FC5EC00AF74E5 /* NetworkService.swift in Sources */,
				4D827442235FA58C00AF74E5 /* FavouriteListViewController.swift in Sources */,
				4D82743B235FA1EB00AF74E5 /* AppCoordinator.swift in Sources */,
				4D827446235FB0EB00AF74E5 /* main.swift in Sources */,
				4DD55A90236050650070F136 /* FavouriteListViewModel.swift in Sources */,
				4D827451235FC61400AF74E5 /* Weather.swift in Sources */,
				4D827408235F9DFE00AF74E5 /* AppDelegate.swift in Sources */,
				4D827453235FC63600AF74E5 /* NetworkService+WeatherFetchable.swift in Sources */,
			);
			runOnlyForDeploymentPostprocessing = 0;
		};
		4D827416235F9E0000AF74E5 /* Sources */ = {
			isa = PBXSourcesBuildPhase;
			buildActionMask = 2147483647;
			files = (
				4DD55A8D236034660070F136 /* FavouriteListTests.swift in Sources */,
				4D82744B235FB39A00AF74E5 /* APITests.swift in Sources */,
				4D82743F235FA4BE00AF74E5 /* AppCoordinatorTests.swift in Sources */,
			);
			runOnlyForDeploymentPostprocessing = 0;
		};
		4D827421235F9E0000AF74E5 /* Sources */ = {
			isa = PBXSourcesBuildPhase;
			buildActionMask = 2147483647;
			files = (
				4D82742A235F9E0000AF74E5 /* WeatherAppUITests.swift in Sources */,
			);
			runOnlyForDeploymentPostprocessing = 0;
		};
/* End PBXSourcesBuildPhase section */

/* Begin PBXTargetDependency section */
		4D82741C235F9E0000AF74E5 /* PBXTargetDependency */ = {
			isa = PBXTargetDependency;
			target = 4D827403235F9DFE00AF74E5 /* WeatherApp */;
			targetProxy = 4D82741B235F9E0000AF74E5 /* PBXContainerItemProxy */;
		};
		4D827427235F9E0000AF74E5 /* PBXTargetDependency */ = {
			isa = PBXTargetDependency;
			target = 4D827403235F9DFE00AF74E5 /* WeatherApp */;
			targetProxy = 4D827426235F9E0000AF74E5 /* PBXContainerItemProxy */;
		};
/* End PBXTargetDependency section */

/* Begin PBXVariantGroup section */
		4D827412235F9E0000AF74E5 /* LaunchScreen.storyboard */ = {
			isa = PBXVariantGroup;
			children = (
				4D827413235F9E0000AF74E5 /* Base */,
			);
			name = LaunchScreen.storyboard;
			sourceTree = "<group>";
		};
/* End PBXVariantGroup section */

/* Begin XCBuildConfiguration section */
		4D82742C235F9E0000AF74E5 /* Debug */ = {
			isa = XCBuildConfiguration;
			buildSettings = {
				ALWAYS_SEARCH_USER_PATHS = NO;
				CLANG_ANALYZER_NONNULL = YES;
				CLANG_ANALYZER_NUMBER_OBJECT_CONVERSION = YES_AGGRESSIVE;
				CLANG_CXX_LANGUAGE_STANDARD = "gnu++14";
				CLANG_CXX_LIBRARY = "libc++";
				CLANG_ENABLE_MODULES = YES;
				CLANG_ENABLE_OBJC_ARC = YES;
				CLANG_ENABLE_OBJC_WEAK = YES;
				CLANG_WARN_BLOCK_CAPTURE_AUTORELEASING = YES;
				CLANG_WARN_BOOL_CONVERSION = YES;
				CLANG_WARN_COMMA = YES;
				CLANG_WARN_CONSTANT_CONVERSION = YES;
				CLANG_WARN_DEPRECATED_OBJC_IMPLEMENTATIONS = YES;
				CLANG_WARN_DIRECT_OBJC_ISA_USAGE = YES_ERROR;
				CLANG_WARN_DOCUMENTATION_COMMENTS = YES;
				CLANG_WARN_EMPTY_BODY = YES;
				CLANG_WARN_ENUM_CONVERSION = YES;
				CLANG_WARN_INFINITE_RECURSION = YES;
				CLANG_WARN_INT_CONVERSION = YES;
				CLANG_WARN_NON_LITERAL_NULL_CONVERSION = YES;
				CLANG_WARN_OBJC_IMPLICIT_RETAIN_SELF = YES;
				CLANG_WARN_OBJC_LITERAL_CONVERSION = YES;
				CLANG_WARN_OBJC_ROOT_CLASS = YES_ERROR;
				CLANG_WARN_RANGE_LOOP_ANALYSIS = YES;
				CLANG_WARN_STRICT_PROTOTYPES = YES;
				CLANG_WARN_SUSPICIOUS_MOVE = YES;
				CLANG_WARN_UNGUARDED_AVAILABILITY = YES_AGGRESSIVE;
				CLANG_WARN_UNREACHABLE_CODE = YES;
				CLANG_WARN__DUPLICATE_METHOD_MATCH = YES;
				COPY_PHASE_STRIP = NO;
				DEBUG_INFORMATION_FORMAT = dwarf;
				ENABLE_STRICT_OBJC_MSGSEND = YES;
				ENABLE_TESTABILITY = YES;
				GCC_C_LANGUAGE_STANDARD = gnu11;
				GCC_DYNAMIC_NO_PIC = NO;
				GCC_NO_COMMON_BLOCKS = YES;
				GCC_OPTIMIZATION_LEVEL = 0;
				GCC_PREPROCESSOR_DEFINITIONS = (
					"DEBUG=1",
					"$(inherited)",
				);
				GCC_WARN_64_TO_32_BIT_CONVERSION = YES;
				GCC_WARN_ABOUT_RETURN_TYPE = YES_ERROR;
				GCC_WARN_UNDECLARED_SELECTOR = YES;
				GCC_WARN_UNINITIALIZED_AUTOS = YES_AGGRESSIVE;
				GCC_WARN_UNUSED_FUNCTION = YES;
				GCC_WARN_UNUSED_VARIABLE = YES;
				IPHONEOS_DEPLOYMENT_TARGET = 13.1;
				MTL_ENABLE_DEBUG_INFO = INCLUDE_SOURCE;
				MTL_FAST_MATH = YES;
				ONLY_ACTIVE_ARCH = YES;
				SDKROOT = iphoneos;
				SWIFT_ACTIVE_COMPILATION_CONDITIONS = DEBUG;
				SWIFT_OPTIMIZATION_LEVEL = "-Onone";
			};
			name = Debug;
		};
		4D82742D235F9E0000AF74E5 /* Release */ = {
			isa = XCBuildConfiguration;
			buildSettings = {
				ALWAYS_SEARCH_USER_PATHS = NO;
				CLANG_ANALYZER_NONNULL = YES;
				CLANG_ANALYZER_NUMBER_OBJECT_CONVERSION = YES_AGGRESSIVE;
				CLANG_CXX_LANGUAGE_STANDARD = "gnu++14";
				CLANG_CXX_LIBRARY = "libc++";
				CLANG_ENABLE_MODULES = YES;
				CLANG_ENABLE_OBJC_ARC = YES;
				CLANG_ENABLE_OBJC_WEAK = YES;
				CLANG_WARN_BLOCK_CAPTURE_AUTORELEASING = YES;
				CLANG_WARN_BOOL_CONVERSION = YES;
				CLANG_WARN_COMMA = YES;
				CLANG_WARN_CONSTANT_CONVERSION = YES;
				CLANG_WARN_DEPRECATED_OBJC_IMPLEMENTATIONS = YES;
				CLANG_WARN_DIRECT_OBJC_ISA_USAGE = YES_ERROR;
				CLANG_WARN_DOCUMENTATION_COMMENTS = YES;
				CLANG_WARN_EMPTY_BODY = YES;
				CLANG_WARN_ENUM_CONVERSION = YES;
				CLANG_WARN_INFINITE_RECURSION = YES;
				CLANG_WARN_INT_CONVERSION = YES;
				CLANG_WARN_NON_LITERAL_NULL_CONVERSION = YES;
				CLANG_WARN_OBJC_IMPLICIT_RETAIN_SELF = YES;
				CLANG_WARN_OBJC_LITERAL_CONVERSION = YES;
				CLANG_WARN_OBJC_ROOT_CLASS = YES_ERROR;
				CLANG_WARN_RANGE_LOOP_ANALYSIS = YES;
				CLANG_WARN_STRICT_PROTOTYPES = YES;
				CLANG_WARN_SUSPICIOUS_MOVE = YES;
				CLANG_WARN_UNGUARDED_AVAILABILITY = YES_AGGRESSIVE;
				CLANG_WARN_UNREACHABLE_CODE = YES;
				CLANG_WARN__DUPLICATE_METHOD_MATCH = YES;
				COPY_PHASE_STRIP = NO;
				DEBUG_INFORMATION_FORMAT = "dwarf-with-dsym";
				ENABLE_NS_ASSERTIONS = NO;
				ENABLE_STRICT_OBJC_MSGSEND = YES;
				GCC_C_LANGUAGE_STANDARD = gnu11;
				GCC_NO_COMMON_BLOCKS = YES;
				GCC_WARN_64_TO_32_BIT_CONVERSION = YES;
				GCC_WARN_ABOUT_RETURN_TYPE = YES_ERROR;
				GCC_WARN_UNDECLARED_SELECTOR = YES;
				GCC_WARN_UNINITIALIZED_AUTOS = YES_AGGRESSIVE;
				GCC_WARN_UNUSED_FUNCTION = YES;
				GCC_WARN_UNUSED_VARIABLE = YES;
				IPHONEOS_DEPLOYMENT_TARGET = 13.1;
				MTL_ENABLE_DEBUG_INFO = NO;
				MTL_FAST_MATH = YES;
				SDKROOT = iphoneos;
				SWIFT_COMPILATION_MODE = wholemodule;
				SWIFT_OPTIMIZATION_LEVEL = "-O";
				VALIDATE_PRODUCT = YES;
			};
			name = Release;
		};
		4D82742F235F9E0000AF74E5 /* Debug */ = {
			isa = XCBuildConfiguration;
			buildSettings = {
				ASSETCATALOG_COMPILER_APPICON_NAME = AppIcon;
				CODE_SIGN_STYLE = Automatic;
				DEVELOPMENT_TEAM = 826RUY7H79;
				INFOPLIST_FILE = WeatherApp/Info.plist;
				LD_RUNPATH_SEARCH_PATHS = (
					"$(inherited)",
					"@executable_path/Frameworks",
				);
				PRODUCT_BUNDLE_IDENTIFIER = uk.co.addhop.WeatherApp;
				PRODUCT_NAME = "$(TARGET_NAME)";
				SWIFT_VERSION = 5.0;
				TARGETED_DEVICE_FAMILY = "1,2";
			};
			name = Debug;
		};
		4D827430235F9E0000AF74E5 /* Release */ = {
			isa = XCBuildConfiguration;
			buildSettings = {
				ASSETCATALOG_COMPILER_APPICON_NAME = AppIcon;
				CODE_SIGN_STYLE = Automatic;
				DEVELOPMENT_TEAM = 826RUY7H79;
				INFOPLIST_FILE = WeatherApp/Info.plist;
				LD_RUNPATH_SEARCH_PATHS = (
					"$(inherited)",
					"@executable_path/Frameworks",
				);
				PRODUCT_BUNDLE_IDENTIFIER = uk.co.addhop.WeatherApp;
				PRODUCT_NAME = "$(TARGET_NAME)";
				SWIFT_VERSION = 5.0;
				TARGETED_DEVICE_FAMILY = "1,2";
			};
			name = Release;
		};
		4D827432235F9E0000AF74E5 /* Debug */ = {
			isa = XCBuildConfiguration;
			buildSettings = {
				ALWAYS_EMBED_SWIFT_STANDARD_LIBRARIES = YES;
				BUNDLE_LOADER = "$(TEST_HOST)";
				CODE_SIGN_STYLE = Automatic;
				DEVELOPMENT_TEAM = 826RUY7H79;
				INFOPLIST_FILE = WeatherAppTests/Info.plist;
				IPHONEOS_DEPLOYMENT_TARGET = 13.1;
				LD_RUNPATH_SEARCH_PATHS = (
					"$(inherited)",
					"@executable_path/Frameworks",
					"@loader_path/Frameworks",
				);
				PRODUCT_BUNDLE_IDENTIFIER = uk.co.addhop.WeatherAppTests;
				PRODUCT_NAME = "$(TARGET_NAME)";
				SWIFT_VERSION = 5.0;
				TARGETED_DEVICE_FAMILY = "1,2";
				TEST_HOST = "$(BUILT_PRODUCTS_DIR)/WeatherApp.app/WeatherApp";
			};
			name = Debug;
		};
		4D827433235F9E0000AF74E5 /* Release */ = {
			isa = XCBuildConfiguration;
			buildSettings = {
				ALWAYS_EMBED_SWIFT_STANDARD_LIBRARIES = YES;
				BUNDLE_LOADER = "$(TEST_HOST)";
				CODE_SIGN_STYLE = Automatic;
				DEVELOPMENT_TEAM = 826RUY7H79;
				INFOPLIST_FILE = WeatherAppTests/Info.plist;
				IPHONEOS_DEPLOYMENT_TARGET = 13.1;
				LD_RUNPATH_SEARCH_PATHS = (
					"$(inherited)",
					"@executable_path/Frameworks",
					"@loader_path/Frameworks",
				);
				PRODUCT_BUNDLE_IDENTIFIER = uk.co.addhop.WeatherAppTests;
				PRODUCT_NAME = "$(TARGET_NAME)";
				SWIFT_VERSION = 5.0;
				TARGETED_DEVICE_FAMILY = "1,2";
				TEST_HOST = "$(BUILT_PRODUCTS_DIR)/WeatherApp.app/WeatherApp";
			};
			name = Release;
		};
		4D827435235F9E0000AF74E5 /* Debug */ = {
			isa = XCBuildConfiguration;
			buildSettings = {
				ALWAYS_EMBED_SWIFT_STANDARD_LIBRARIES = YES;
				CODE_SIGN_STYLE = Automatic;
				DEVELOPMENT_TEAM = 826RUY7H79;
				INFOPLIST_FILE = WeatherAppUITests/Info.plist;
				LD_RUNPATH_SEARCH_PATHS = (
					"$(inherited)",
					"@executable_path/Frameworks",
					"@loader_path/Frameworks",
				);
				PRODUCT_BUNDLE_IDENTIFIER = uk.co.addhop.WeatherAppUITests;
				PRODUCT_NAME = "$(TARGET_NAME)";
				SWIFT_VERSION = 5.0;
				TARGETED_DEVICE_FAMILY = "1,2";
				TEST_TARGET_NAME = WeatherApp;
			};
			name = Debug;
		};
		4D827436235F9E0000AF74E5 /* Release */ = {
			isa = XCBuildConfiguration;
			buildSettings = {
				ALWAYS_EMBED_SWIFT_STANDARD_LIBRARIES = YES;
				CODE_SIGN_STYLE = Automatic;
				DEVELOPMENT_TEAM = 826RUY7H79;
				INFOPLIST_FILE = WeatherAppUITests/Info.plist;
				LD_RUNPATH_SEARCH_PATHS = (
					"$(inherited)",
					"@executable_path/Frameworks",
					"@loader_path/Frameworks",
				);
				PRODUCT_BUNDLE_IDENTIFIER = uk.co.addhop.WeatherAppUITests;
				PRODUCT_NAME = "$(TARGET_NAME)";
				SWIFT_VERSION = 5.0;
				TARGETED_DEVICE_FAMILY = "1,2";
				TEST_TARGET_NAME = WeatherApp;
			};
			name = Release;
		};
/* End XCBuildConfiguration section */

/* Begin XCConfigurationList section */
		4D8273FF235F9DFE00AF74E5 /* Build configuration list for PBXProject "WeatherApp" */ = {
			isa = XCConfigurationList;
			buildConfigurations = (
				4D82742C235F9E0000AF74E5 /* Debug */,
				4D82742D235F9E0000AF74E5 /* Release */,
			);
			defaultConfigurationIsVisible = 0;
			defaultConfigurationName = Release;
		};
		4D82742E235F9E0000AF74E5 /* Build configuration list for PBXNativeTarget "WeatherApp" */ = {
			isa = XCConfigurationList;
			buildConfigurations = (
				4D82742F235F9E0000AF74E5 /* Debug */,
				4D827430235F9E0000AF74E5 /* Release */,
			);
			defaultConfigurationIsVisible = 0;
			defaultConfigurationName = Release;
		};
		4D827431235F9E0000AF74E5 /* Build configuration list for PBXNativeTarget "WeatherAppTests" */ = {
			isa = XCConfigurationList;
			buildConfigurations = (
				4D827432235F9E0000AF74E5 /* Debug */,
				4D827433235F9E0000AF74E5 /* Release */,
			);
			defaultConfigurationIsVisible = 0;
			defaultConfigurationName = Release;
		};
		4D827434235F9E0000AF74E5 /* Build configuration list for PBXNativeTarget "WeatherAppUITests" */ = {
			isa = XCConfigurationList;
			buildConfigurations = (
				4D827435235F9E0000AF74E5 /* Debug */,
				4D827436235F9E0000AF74E5 /* Release */,
			);
			defaultConfigurationIsVisible = 0;
			defaultConfigurationName = Release;
		};
/* End XCConfigurationList section */
	};
	rootObject = 4D8273FC235F9DFE00AF74E5 /* Project object */;
}
